{
  "name": "titans",
  "lockfileVersion": 3,
  "requires": true,
  "packages": {
    "": {
      "devDependencies": {
        "jasmine-core": "^5.1.1",
        "karma-jasmine-html-reporter": "^2.1.0"
      }
    },
    "node_modules/jasmine-core": {
      "version": "5.1.1",
      "resolved": "https://registry.npmjs.org/jasmine-core/-/jasmine-core-5.1.1.tgz",
      "integrity": "sha512-UrzO3fL7nnxlQXlvTynNAenL+21oUQRlzqQFsA2U11ryb4+NLOCOePZ70PTojEaUKhiFugh7dG0Q+I58xlPdWg==",
      "dev": true
    },
    "node_modules/karma-jasmine-html-reporter": {
      "version": "2.1.0",
      "resolved": "https://registry.npmjs.org/karma-jasmine-html-reporter/-/karma-jasmine-html-reporter-2.1.0.tgz",
      "integrity": "sha512-sPQE1+nlsn6Hwb5t+HHwyy0A1FNCVKuL1192b+XNauMYWThz2kweiBVW1DqloRpVvZIJkIoHVB7XRpK78n1xbQ==",
      "dev": true,
      "peerDependencies": {
        "jasmine-core": "^4.0.0 || ^5.0.0",
        "karma": "^6.0.0",
        "karma-jasmine": "^5.0.0"
      }
    }
  }
}
